// !$*UTF8*$!
{
	archiveVersion = 1;
	classes = {
	};
	objectVersion = 55;
	objects = {

/* Begin PBXBuildFile section */
		C65532892894514600E7F87A /* PracticalSwiftUIApp.swift in Sources */ = {isa = PBXBuildFile; fileRef = C65532882894514600E7F87A /* PracticalSwiftUIApp.swift */; };
		C655328B2894514600E7F87A /* HomeView.swift in Sources */ = {isa = PBXBuildFile; fileRef = C655328A2894514600E7F87A /* HomeView.swift */; };
		C655328D2894514900E7F87A /* Assets.xcassets in Resources */ = {isa = PBXBuildFile; fileRef = C655328C2894514900E7F87A /* Assets.xcassets */; };
		C65532902894514900E7F87A /* Preview Assets.xcassets in Resources */ = {isa = PBXBuildFile; fileRef = C655328F2894514900E7F87A /* Preview Assets.xcassets */; };
		C655329C2894525A00E7F87A /* ContentModel.swift in Sources */ = {isa = PBXBuildFile; fileRef = C655329B2894525A00E7F87A /* ContentModel.swift */; };
		C655329E2894539800E7F87A /* data.json in Resources */ = {isa = PBXBuildFile; fileRef = C655329D2894539800E7F87A /* data.json */; };
		C65532A0289455BF00E7F87A /* style.html in Resources */ = {isa = PBXBuildFile; fileRef = C655329F289455BF00E7F87A /* style.html */; };
		C65532A2289457AD00E7F87A /* Models.swift in Sources */ = {isa = PBXBuildFile; fileRef = C65532A1289457AD00E7F87A /* Models.swift */; };
		C65532A428947B9700E7F87A /* HomeViewRow.swift in Sources */ = {isa = PBXBuildFile; fileRef = C65532A328947B9700E7F87A /* HomeViewRow.swift */; };
		C65532A62894AB5600E7F87A /* ContentView.swift in Sources */ = {isa = PBXBuildFile; fileRef = C65532A52894AB5500E7F87A /* ContentView.swift */; };
		C65532A82894B75A00E7F87A /* ContentViewRow.swift in Sources */ = {isa = PBXBuildFile; fileRef = C65532A72894B75A00E7F87A /* ContentViewRow.swift */; };
		C65532AA2894BCF400E7F87A /* ContentDetailView.swift in Sources */ = {isa = PBXBuildFile; fileRef = C65532A92894BCF400E7F87A /* ContentDetailView.swift */; };
		C65532AD2894C18300E7F87A /* AVKit.framework in Frameworks */ = {isa = PBXBuildFile; fileRef = C65532AC2894C18300E7F87A /* AVKit.framework */; };
		C65532AF2894C35C00E7F87A /* Constants.swift in Sources */ = {isa = PBXBuildFile; fileRef = C65532AE2894C35C00E7F87A /* Constants.swift */; };
/* End PBXBuildFile section */

/* Begin PBXFileReference section */
		C65532852894514600E7F87A /* PracticalSwiftUI.app */ = {isa = PBXFileReference; explicitFileType = wrapper.application; includeInIndex = 0; path = PracticalSwiftUI.app; sourceTree = BUILT_PRODUCTS_DIR; };
		C65532882894514600E7F87A /* PracticalSwiftUIApp.swift */ = {isa = PBXFileReference; lastKnownFileType = sourcecode.swift; path = PracticalSwiftUIApp.swift; sourceTree = "<group>"; };
		C655328A2894514600E7F87A /* HomeView.swift */ = {isa = PBXFileReference; lastKnownFileType = sourcecode.swift; path = HomeView.swift; sourceTree = "<group>"; };
		C655328C2894514900E7F87A /* Assets.xcassets */ = {isa = PBXFileReference; lastKnownFileType = folder.assetcatalog; path = Assets.xcassets; sourceTree = "<group>"; };
		C655328F2894514900E7F87A /* Preview Assets.xcassets */ = {isa = PBXFileReference; lastKnownFileType = folder.assetcatalog; path = "Preview Assets.xcassets"; sourceTree = "<group>"; };
		C655329B2894525A00E7F87A /* ContentModel.swift */ = {isa = PBXFileReference; lastKnownFileType = sourcecode.swift; path = ContentModel.swift; sourceTree = "<group>"; };
		C655329D2894539800E7F87A /* data.json */ = {isa = PBXFileReference; fileEncoding = 4; lastKnownFileType = text.json; path = data.json; sourceTree = "<group>"; };
		C655329F289455BF00E7F87A /* style.html */ = {isa = PBXFileReference; fileEncoding = 4; lastKnownFileType = text.html; path = style.html; sourceTree = "<group>"; };
		C65532A1289457AD00E7F87A /* Models.swift */ = {isa = PBXFileReference; lastKnownFileType = sourcecode.swift; path = Models.swift; sourceTree = "<group>"; };
		C65532A328947B9700E7F87A /* HomeViewRow.swift */ = {isa = PBXFileReference; lastKnownFileType = sourcecode.swift; path = HomeViewRow.swift; sourceTree = "<group>"; };
		C65532A52894AB5500E7F87A /* ContentView.swift */ = {isa = PBXFileReference; lastKnownFileType = sourcecode.swift; path = ContentView.swift; sourceTree = "<group>"; };
		C65532A72894B75A00E7F87A /* ContentViewRow.swift */ = {isa = PBXFileReference; lastKnownFileType = sourcecode.swift; path = ContentViewRow.swift; sourceTree = "<group>"; };
		C65532A92894BCF400E7F87A /* ContentDetailView.swift */ = {isa = PBXFileReference; lastKnownFileType = sourcecode.swift; path = ContentDetailView.swift; sourceTree = "<group>"; };
		C65532AC2894C18300E7F87A /* AVKit.framework */ = {isa = PBXFileReference; lastKnownFileType = wrapper.framework; name = AVKit.framework; path = System/Library/Frameworks/AVKit.framework; sourceTree = SDKROOT; };
		C65532AE2894C35C00E7F87A /* Constants.swift */ = {isa = PBXFileReference; lastKnownFileType = sourcecode.swift; path = Constants.swift; sourceTree = "<group>"; };
/* End PBXFileReference section */

/* Begin PBXFrameworksBuildPhase section */
		C65532822894514600E7F87A /* Frameworks */ = {
			isa = PBXFrameworksBuildPhase;
			buildActionMask = 2147483647;
			files = (
				C65532AD2894C18300E7F87A /* AVKit.framework in Frameworks */,
			);
			runOnlyForDeploymentPostprocessing = 0;
		};
/* End PBXFrameworksBuildPhase section */

/* Begin PBXGroup section */
		C655327C2894514600E7F87A = {
			isa = PBXGroup;
			children = (
				C65532872894514600E7F87A /* PracticalSwiftUI */,
				C65532862894514600E7F87A /* Products */,
				C65532AB2894C18300E7F87A /* Frameworks */,
			);
			sourceTree = "<group>";
		};
		C65532862894514600E7F87A /* Products */ = {
			isa = PBXGroup;
			children = (
				C65532852894514600E7F87A /* PracticalSwiftUI.app */,
			);
			name = Products;
			sourceTree = "<group>";
		};
		C65532872894514600E7F87A /* PracticalSwiftUI */ = {
			isa = PBXGroup;
			children = (
				C65532882894514600E7F87A /* PracticalSwiftUIApp.swift */,
				C655329A2894523800E7F87A /* Helpers */,
				C65532992894522D00E7F87A /* Resources */,
				C65532982894522600E7F87A /* Models */,
				C65532972894522000E7F87A /* ViewModels */,
				C65532962894521900E7F87A /* Views */,
				C655328C2894514900E7F87A /* Assets.xcassets */,
				C655328E2894514900E7F87A /* Preview Content */,
			);
			path = PracticalSwiftUI;
			sourceTree = "<group>";
		};
		C655328E2894514900E7F87A /* Preview Content */ = {
			isa = PBXGroup;
			children = (
				C655328F2894514900E7F87A /* Preview Assets.xcassets */,
			);
			path = "Preview Content";
			sourceTree = "<group>";
		};
		C65532962894521900E7F87A /* Views */ = {
			isa = PBXGroup;
			children = (
				C655328A2894514600E7F87A /* HomeView.swift */,
				C65532A328947B9700E7F87A /* HomeViewRow.swift */,
				C65532A52894AB5500E7F87A /* ContentView.swift */,
				C65532A72894B75A00E7F87A /* ContentViewRow.swift */,
				C65532A92894BCF400E7F87A /* ContentDetailView.swift */,
			);
			path = Views;
			sourceTree = "<group>";
		};
		C65532972894522000E7F87A /* ViewModels */ = {
			isa = PBXGroup;
			children = (
				C655329B2894525A00E7F87A /* ContentModel.swift */,
			);
			path = ViewModels;
			sourceTree = "<group>";
		};
		C65532982894522600E7F87A /* Models */ = {
			isa = PBXGroup;
			children = (
				C65532A1289457AD00E7F87A /* Models.swift */,
			);
			path = Models;
			sourceTree = "<group>";
		};
		C65532992894522D00E7F87A /* Resources */ = {
			isa = PBXGroup;
			children = (
				C655329D2894539800E7F87A /* data.json */,
				C655329F289455BF00E7F87A /* style.html */,
				C65532AE2894C35C00E7F87A /* Constants.swift */,
			);
			path = Resources;
			sourceTree = "<group>";
		};
		C655329A2894523800E7F87A /* Helpers */ = {
			isa = PBXGroup;
			children = (
			);
			path = Helpers;
			sourceTree = "<group>";
		};
		C65532AB2894C18300E7F87A /* Frameworks */ = {
			isa = PBXGroup;
			children = (
				C65532AC2894C18300E7F87A /* AVKit.framework */,
			);
			name = Frameworks;
			sourceTree = "<group>";
		};
/* End PBXGroup section */

/* Begin PBXNativeTarget section */
		C65532842894514600E7F87A /* PracticalSwiftUI */ = {
			isa = PBXNativeTarget;
			buildConfigurationList = C65532932894514900E7F87A /* Build configuration list for PBXNativeTarget "PracticalSwiftUI" */;
			buildPhases = (
				C65532812894514600E7F87A /* Sources */,
				C65532822894514600E7F87A /* Frameworks */,
				C65532832894514600E7F87A /* Resources */,
			);
			buildRules = (
			);
			dependencies = (
			);
			name = PracticalSwiftUI;
			productName = PracticalSwiftUI;
			productReference = C65532852894514600E7F87A /* PracticalSwiftUI.app */;
			productType = "com.apple.product-type.application";
		};
/* End PBXNativeTarget section */

/* Begin PBXProject section */
		C655327D2894514600E7F87A /* Project object */ = {
			isa = PBXProject;
			attributes = {
				BuildIndependentTargetsInParallel = 1;
				LastSwiftUpdateCheck = 1340;
				LastUpgradeCheck = 1340;
				TargetAttributes = {
					C65532842894514600E7F87A = {
						CreatedOnToolsVersion = 13.4.1;
					};
				};
			};
			buildConfigurationList = C65532802894514600E7F87A /* Build configuration list for PBXProject "PracticalSwiftUI" */;
			compatibilityVersion = "Xcode 13.0";
			developmentRegion = en;
			hasScannedForEncodings = 0;
			knownRegions = (
				en,
				Base,
			);
			mainGroup = C655327C2894514600E7F87A;
			productRefGroup = C65532862894514600E7F87A /* Products */;
			projectDirPath = "";
			projectRoot = "";
			targets = (
				C65532842894514600E7F87A /* PracticalSwiftUI */,
			);
		};
/* End PBXProject section */

/* Begin PBXResourcesBuildPhase section */
		C65532832894514600E7F87A /* Resources */ = {
			isa = PBXResourcesBuildPhase;
			buildActionMask = 2147483647;
			files = (
				C65532902894514900E7F87A /* Preview Assets.xcassets in Resources */,
				C655329E2894539800E7F87A /* data.json in Resources */,
				C65532A0289455BF00E7F87A /* style.html in Resources */,
				C655328D2894514900E7F87A /* Assets.xcassets in Resources */,
			);
			runOnlyForDeploymentPostprocessing = 0;
		};
/* End PBXResourcesBuildPhase section */

/* Begin PBXSourcesBuildPhase section */
		C65532812894514600E7F87A /* Sources */ = {
			isa = PBXSourcesBuildPhase;
			buildActionMask = 2147483647;
			files = (
				C655328B2894514600E7F87A /* HomeView.swift in Sources */,
				C65532A428947B9700E7F87A /* HomeViewRow.swift in Sources */,
				C65532A62894AB5600E7F87A /* ContentView.swift in Sources */,
				C65532AA2894BCF400E7F87A /* ContentDetailView.swift in Sources */,
				C65532892894514600E7F87A /* PracticalSwiftUIApp.swift in Sources */,
				C65532A82894B75A00E7F87A /* ContentViewRow.swift in Sources */,
				C655329C2894525A00E7F87A /* ContentModel.swift in Sources */,
				C65532A2289457AD00E7F87A /* Models.swift in Sources */,
				C65532AF2894C35C00E7F87A /* Constants.swift in Sources */,
			);
			runOnlyForDeploymentPostprocessing = 0;
		};
/* End PBXSourcesBuildPhase section */

/* Begin XCBuildConfiguration section */
		C65532912894514900E7F87A /* Debug */ = {
			isa = XCBuildConfiguration;
			buildSettings = {
				ALWAYS_SEARCH_USER_PATHS = NO;
				CLANG_ANALYZER_NONNULL = YES;
				CLANG_ANALYZER_NUMBER_OBJECT_CONVERSION = YES_AGGRESSIVE;
				CLANG_CXX_LANGUAGE_STANDARD = "gnu++17";
				CLANG_ENABLE_MODULES = YES;
				CLANG_ENABLE_OBJC_ARC = YES;
				CLANG_ENABLE_OBJC_WEAK = YES;
				CLANG_WARN_BLOCK_CAPTURE_AUTORELEASING = YES;
				CLANG_WARN_BOOL_CONVERSION = YES;
				CLANG_WARN_COMMA = YES;
				CLANG_WARN_CONSTANT_CONVERSION = YES;
				CLANG_WARN_DEPRECATED_OBJC_IMPLEMENTATIONS = YES;
				CLANG_WARN_DIRECT_OBJC_ISA_USAGE = YES_ERROR;
				CLANG_WARN_DOCUMENTATION_COMMENTS = YES;
				CLANG_WARN_EMPTY_BODY = YES;
				CLANG_WARN_ENUM_CONVERSION = YES;
				CLANG_WARN_INFINITE_RECURSION = YES;
				CLANG_WARN_INT_CONVERSION = YES;
				CLANG_WARN_NON_LITERAL_NULL_CONVERSION = YES;
				CLANG_WARN_OBJC_IMPLICIT_RETAIN_SELF = YES;
				CLANG_WARN_OBJC_LITERAL_CONVERSION = YES;
				CLANG_WARN_OBJC_ROOT_CLASS = YES_ERROR;
				CLANG_WARN_QUOTED_INCLUDE_IN_FRAMEWORK_HEADER = YES;
				CLANG_WARN_RANGE_LOOP_ANALYSIS = YES;
				CLANG_WARN_STRICT_PROTOTYPES = YES;
				CLANG_WARN_SUSPICIOUS_MOVE = YES;
				CLANG_WARN_UNGUARDED_AVAILABILITY = YES_AGGRESSIVE;
				CLANG_WARN_UNREACHABLE_CODE = YES;
				CLANG_WARN__DUPLICATE_METHOD_MATCH = YES;
				COPY_PHASE_STRIP = NO;
				DEBUG_INFORMATION_FORMAT = dwarf;
				ENABLE_STRICT_OBJC_MSGSEND = YES;
				ENABLE_TESTABILITY = YES;
				GCC_C_LANGUAGE_STANDARD = gnu11;
				GCC_DYNAMIC_NO_PIC = NO;
				GCC_NO_COMMON_BLOCKS = YES;
				GCC_OPTIMIZATION_LEVEL = 0;
				GCC_PREPROCESSOR_DEFINITIONS = (
					"DEBUG=1",
					"$(inherited)",
				);
				GCC_WARN_64_TO_32_BIT_CONVERSION = YES;
				GCC_WARN_ABOUT_RETURN_TYPE = YES_ERROR;
				GCC_WARN_UNDECLARED_SELECTOR = YES;
				GCC_WARN_UNINITIALIZED_AUTOS = YES_AGGRESSIVE;
				GCC_WARN_UNUSED_FUNCTION = YES;
				GCC_WARN_UNUSED_VARIABLE = YES;
				IPHONEOS_DEPLOYMENT_TARGET = 15.5;
				MTL_ENABLE_DEBUG_INFO = INCLUDE_SOURCE;
				MTL_FAST_MATH = YES;
				ONLY_ACTIVE_ARCH = YES;
				SDKROOT = iphoneos;
				SWIFT_ACTIVE_COMPILATION_CONDITIONS = DEBUG;
				SWIFT_OPTIMIZATION_LEVEL = "-Onone";
			};
			name = Debug;
		};
		C65532922894514900E7F87A /* Release */ = {
			isa = XCBuildConfiguration;
			buildSettings = {
				ALWAYS_SEARCH_USER_PATHS = NO;
				CLANG_ANALYZER_NONNULL = YES;
				CLANG_ANALYZER_NUMBER_OBJECT_CONVERSION = YES_AGGRESSIVE;
				CLANG_CXX_LANGUAGE_STANDARD = "gnu++17";
				CLANG_ENABLE_MODULES = YES;
				CLANG_ENABLE_OBJC_ARC = YES;
				CLANG_ENABLE_OBJC_WEAK = YES;
				CLANG_WARN_BLOCK_CAPTURE_AUTORELEASING = YES;
				CLANG_WARN_BOOL_CONVERSION = YES;
				CLANG_WARN_COMMA = YES;
				CLANG_WARN_CONSTANT_CONVERSION = YES;
				CLANG_WARN_DEPRECATED_OBJC_IMPLEMENTATIONS = YES;
				CLANG_WARN_DIRECT_OBJC_ISA_USAGE = YES_ERROR;
				CLANG_WARN_DOCUMENTATION_COMMENTS = YES;
				CLANG_WARN_EMPTY_BODY = YES;
				CLANG_WARN_ENUM_CONVERSION = YES;
				CLANG_WARN_INFINITE_RECURSION = YES;
				CLANG_WARN_INT_CONVERSION = YES;
				CLANG_WARN_NON_LITERAL_NULL_CONVERSION = YES;
				CLANG_WARN_OBJC_IMPLICIT_RETAIN_SELF = YES;
				CLANG_WARN_OBJC_LITERAL_CONVERSION = YES;
				CLANG_WARN_OBJC_ROOT_CLASS = YES_ERROR;
				CLANG_WARN_QUOTED_INCLUDE_IN_FRAMEWORK_HEADER = YES;
				CLANG_WARN_RANGE_LOOP_ANALYSIS = YES;
				CLANG_WARN_STRICT_PROTOTYPES = YES;
				CLANG_WARN_SUSPICIOUS_MOVE = YES;
				CLANG_WARN_UNGUARDED_AVAILABILITY = YES_AGGRESSIVE;
				CLANG_WARN_UNREACHABLE_CODE = YES;
				CLANG_WARN__DUPLICATE_METHOD_MATCH = YES;
				COPY_PHASE_STRIP = NO;
				DEBUG_INFORMATION_FORMAT = "dwarf-with-dsym";
				ENABLE_NS_ASSERTIONS = NO;
				ENABLE_STRICT_OBJC_MSGSEND = YES;
				GCC_C_LANGUAGE_STANDARD = gnu11;
				GCC_NO_COMMON_BLOCKS = YES;
				GCC_WARN_64_TO_32_BIT_CONVERSION = YES;
				GCC_WARN_ABOUT_RETURN_TYPE = YES_ERROR;
				GCC_WARN_UNDECLARED_SELECTOR = YES;
				GCC_WARN_UNINITIALIZED_AUTOS = YES_AGGRESSIVE;
				GCC_WARN_UNUSED_FUNCTION = YES;
				GCC_WARN_UNUSED_VARIABLE = YES;
				IPHONEOS_DEPLOYMENT_TARGET = 15.5;
				MTL_ENABLE_DEBUG_INFO = NO;
				MTL_FAST_MATH = YES;
				SDKROOT = iphoneos;
				SWIFT_COMPILATION_MODE = wholemodule;
				SWIFT_OPTIMIZATION_LEVEL = "-O";
				VALIDATE_PRODUCT = YES;
			};
			name = Release;
		};
		C65532942894514900E7F87A /* Debug */ = {
			isa = XCBuildConfiguration;
			buildSettings = {
				ASSETCATALOG_COMPILER_APPICON_NAME = AppIcon;
				ASSETCATALOG_COMPILER_GLOBAL_ACCENT_COLOR_NAME = AccentColor;
				CODE_SIGN_STYLE = Automatic;
				CURRENT_PROJECT_VERSION = 1;
				DEVELOPMENT_ASSET_PATHS = "\"PracticalSwiftUI/Preview Content\"";
				DEVELOPMENT_TEAM = T2Q4YR3P44;
				ENABLE_PREVIEWS = YES;
				GENERATE_INFOPLIST_FILE = YES;
				INFOPLIST_KEY_UIApplicationSceneManifest_Generation = YES;
				INFOPLIST_KEY_UIApplicationSupportsIndirectInputEvents = YES;
				INFOPLIST_KEY_UILaunchScreen_Generation = YES;
				INFOPLIST_KEY_UISupportedInterfaceOrientations_iPad = "UIInterfaceOrientationPortrait UIInterfaceOrientationPortraitUpsideDown UIInterfaceOrientationLandscapeLeft UIInterfaceOrientationLandscapeRight";
				INFOPLIST_KEY_UISupportedInterfaceOrientations_iPhone = "UIInterfaceOrientationPortrait UIInterfaceOrientationLandscapeLeft UIInterfaceOrientationLandscapeRight";
				LD_RUNPATH_SEARCH_PATHS = (
					"$(inherited)",
					"@executable_path/Frameworks",
				);
				MARKETING_VERSION = 1.0;
				PRODUCT_BUNDLE_IDENTIFIER = mx.datafox.PracticalSwiftUI;
				PRODUCT_NAME = "$(TARGET_NAME)";
				SWIFT_EMIT_LOC_STRINGS = YES;
				SWIFT_VERSION = 5.0;
				TARGETED_DEVICE_FAMILY = "1,2";
			};
			name = Debug;
		};
		C65532952894514900E7F87A /* Release */ = {
			isa = XCBuildConfiguration;
			buildSettings = {
				ASSETCATALOG_COMPILER_APPICON_NAME = AppIcon;
				ASSETCATALOG_COMPILER_GLOBAL_ACCENT_COLOR_NAME = AccentColor;
				CODE_SIGN_STYLE = Automatic;
				CURRENT_PROJECT_VERSION = 1;
				DEVELOPMENT_ASSET_PATHS = "\"PracticalSwiftUI/Preview Content\"";
				DEVELOPMENT_TEAM = T2Q4YR3P44;
				ENABLE_PREVIEWS = YES;
				GENERATE_INFOPLIST_FILE = YES;
				INFOPLIST_KEY_UIApplicationSceneManifest_Generation = YES;
				INFOPLIST_KEY_UIApplicationSupportsIndirectInputEvents = YES;
				INFOPLIST_KEY_UILaunchScreen_Generation = YES;
				INFOPLIST_KEY_UISupportedInterfaceOrientations_iPad = "UIInterfaceOrientationPortrait UIInterfaceOrientationPortraitUpsideDown UIInterfaceOrientationLandscapeLeft UIInterfaceOrientationLandscapeRight";
				INFOPLIST_KEY_UISupportedInterfaceOrientations_iPhone = "UIInterfaceOrientationPortrait UIInterfaceOrientationLandscapeLeft UIInterfaceOrientationLandscapeRight";
				LD_RUNPATH_SEARCH_PATHS = (
					"$(inherited)",
					"@executable_path/Frameworks",
				);
				MARKETING_VERSION = 1.0;
				PRODUCT_BUNDLE_IDENTIFIER = mx.datafox.PracticalSwiftUI;
				PRODUCT_NAME = "$(TARGET_NAME)";
				SWIFT_EMIT_LOC_STRINGS = YES;
				SWIFT_VERSION = 5.0;
				TARGETED_DEVICE_FAMILY = "1,2";
			};
			name = Release;
		};
/* End XCBuildConfiguration section */

/* Begin XCConfigurationList section */
		C65532802894514600E7F87A /* Build configuration list for PBXProject "PracticalSwiftUI" */ = {
			isa = XCConfigurationList;
			buildConfigurations = (
				C65532912894514900E7F87A /* Debug */,
				C65532922894514900E7F87A /* Release */,
			);
			defaultConfigurationIsVisible = 0;
			defaultConfigurationName = Release;
		};
		C65532932894514900E7F87A /* Build configuration list for PBXNativeTarget "PracticalSwiftUI" */ = {
			isa = XCConfigurationList;
			buildConfigurations = (
				C65532942894514900E7F87A /* Debug */,
				C65532952894514900E7F87A /* Release */,
			);
			defaultConfigurationIsVisible = 0;
			defaultConfigurationName = Release;
		};
/* End XCConfigurationList section */
	};
	rootObject = C655327D2894514600E7F87A /* Project object */;
}
